PODS:
  - TwitterCore (3.1.0)
  - TwitterKit (3.3.0):
    - TwitterCore (>= 3.1.0)

DEPENDENCIES:
  - TwitterKit

SPEC CHECKSUMS:
  TwitterCore: 644d59e75abccb26cf0a9050d2c4dea0e5412241
  TwitterKit: a2e60ddcedbf54091eac6f27685ca7a87681e1d7

PODFILE CHECKSUM: ccf5d8a212c01e7b92ac6b8c17ba8ef6ca63ba56

COCOAPODS: 1.2.0
